
Microsoft Visual Studio Solution File, Format Version 12.00
# Visual Studio Version 16
VisualStudioVersion = 16.0.33027.164
MinimumVisualStudioVersion = 10.0.40219.1
Project("{FAE04EC0-301F-11D3-BF4B-00C04F79EFBC}") = "lab1ex5", "lab1ex5\lab1ex5.csproj", "{34809EAD-3470-4169-AFEC-5677CD747738}"
EndProject
Global
	GlobalSection(SolutionConfigurationPlatforms) = preSolution
		Debug|Any CPU = Debug|Any CPU
		Release|Any CPU = Release|Any CPU
	EndGlobalSection
	GlobalSection(ProjectConfigurationPlatforms) = postSolution
		{34809EAD-3470-4169-AFEC-5677CD747738}.Debug|Any CPU.ActiveCfg = Debug|Any CPU
		{34809EAD-3470-4169-AFEC-5677CD747738}.Debug|Any CPU.Build.0 = Debug|Any CPU
		{34809EAD-3470-4169-AFEC-5677CD747738}.Release|Any CPU.ActiveCfg = Release|Any CPU
		{34809EAD-3470-4169-AFEC-5677CD747738}.Release|Any CPU.Build.0 = Release|Any CPU
	EndGlobalSection
	GlobalSection(SolutionProperties) = preSolution
		HideSolutionNode = FALSE
	EndGlobalSection
	GlobalSection(ExtensibilityGlobals) = postSolution
		SolutionGuid = {4A5B082E-8782-434F-9104-EF11DC519B2C}
	EndGlobalSection
EndGlobal
